// !$*UTF8*$!
{
	archiveVersion = 1;
	classes = {
	};
	objectVersion = 46;
	objects = {

/* Begin PBXBuildFile section */
		944591661D7FEA2800CE9038 /* RxSwift.framework in Frameworks */ = {isa = PBXBuildFile; fileRef = 9445913F1D7FEA1700CE9038 /* RxSwift.framework */; };
		9445916E1D7FEAA700CE9038 /* AppDelegate.swift in Sources */ = {isa = PBXBuildFile; fileRef = 9445916D1D7FEAA700CE9038 /* AppDelegate.swift */; };
		944591701D7FEAA700CE9038 /* ViewController.swift in Sources */ = {isa = PBXBuildFile; fileRef = 9445916F1D7FEAA700CE9038 /* ViewController.swift */; };
		944591731D7FEAA700CE9038 /* Main.storyboard in Resources */ = {isa = PBXBuildFile; fileRef = 944591711D7FEAA700CE9038 /* Main.storyboard */; };
		944591761D7FEAA700CE9038 /* RxDobbyExample.xcdatamodeld in Sources */ = {isa = PBXBuildFile; fileRef = 944591741D7FEAA700CE9038 /* RxDobbyExample.xcdatamodeld */; };
		944591781D7FEAA700CE9038 /* Assets.xcassets in Resources */ = {isa = PBXBuildFile; fileRef = 944591771D7FEAA700CE9038 /* Assets.xcassets */; };
		9445917B1D7FEAA700CE9038 /* LaunchScreen.storyboard in Resources */ = {isa = PBXBuildFile; fileRef = 944591791D7FEAA700CE9038 /* LaunchScreen.storyboard */; };
		9445919C1D7FEAE300CE9038 /* RxDobby.framework in Frameworks */ = {isa = PBXBuildFile; fileRef = 94E4DACF1D7FE8630092440F /* RxDobby.framework */; };
		9445919D1D7FEAE800CE9038 /* RxSwift.framework in Frameworks */ = {isa = PBXBuildFile; fileRef = 9445913F1D7FEA1700CE9038 /* RxSwift.framework */; };
		944591A01D7FEC6300CE9038 /* delay.swift in Sources */ = {isa = PBXBuildFile; fileRef = 9445919F1D7FEC6300CE9038 /* delay.swift */; };
		944591A21D7FECC100CE9038 /* DManagedObject.swift in Sources */ = {isa = PBXBuildFile; fileRef = 944591A11D7FECC100CE9038 /* DManagedObject.swift */; };
		944591AC1D7FF21300CE9038 /* DConstraintsBuilder.swift in Sources */ = {isa = PBXBuildFile; fileRef = 944591A61D7FF21300CE9038 /* DConstraintsBuilder.swift */; };
		944591B11D7FF21300CE9038 /* DIActivityIndicatorView.swift in Sources */ = {isa = PBXBuildFile; fileRef = 944591AB1D7FF21300CE9038 /* DIActivityIndicatorView.swift */; };
		944591B71D7FF2A600CE9038 /* DSegue.swift in Sources */ = {isa = PBXBuildFile; fileRef = 944591B31D7FF2A600CE9038 /* DSegue.swift */; };
		944591B81D7FF2A600CE9038 /* PopupTransitionDelegate.swift in Sources */ = {isa = PBXBuildFile; fileRef = 944591B41D7FF2A600CE9038 /* PopupTransitionDelegate.swift */; };
		944591B91D7FF2A600CE9038 /* RevealLeftHiddenViewSegue.swift in Sources */ = {isa = PBXBuildFile; fileRef = 944591B51D7FF2A600CE9038 /* RevealLeftHiddenViewSegue.swift */; };
		944591BA1D7FF2A600CE9038 /* SlideOverTransitionDelegate.swift in Sources */ = {isa = PBXBuildFile; fileRef = 944591B61D7FF2A600CE9038 /* SlideOverTransitionDelegate.swift */; };
		949F94821D8147B30024082D /* ExamListViewController.swift in Sources */ = {isa = PBXBuildFile; fileRef = 949F94811D8147B30024082D /* ExamListViewController.swift */; };
		949F94881D814ACE0024082D /* UIViewController+Extension.swift in Sources */ = {isa = PBXBuildFile; fileRef = 949F94871D814ACE0024082D /* UIViewController+Extension.swift */; };
		949F948A1D814B2B0024082D /* MenuViewController.swift in Sources */ = {isa = PBXBuildFile; fileRef = 949F94891D814B2B0024082D /* MenuViewController.swift */; };
		949F948C1D814CC50024082D /* DSlideable.swift in Sources */ = {isa = PBXBuildFile; fileRef = 949F948B1D814CC50024082D /* DSlideable.swift */; };
		94E4DAD31D7FE8630092440F /* RxDobby.h in Headers */ = {isa = PBXBuildFile; fileRef = 94E4DAD21D7FE8630092440F /* RxDobby.h */; settings = {ATTRIBUTES = (Public, ); }; };
		94E4DADA1D7FE8630092440F /* RxDobby.framework in Frameworks */ = {isa = PBXBuildFile; fileRef = 94E4DACF1D7FE8630092440F /* RxDobby.framework */; };
		94E4DADF1D7FE8630092440F /* RxDobbyTests.swift in Sources */ = {isa = PBXBuildFile; fileRef = 94E4DADE1D7FE8630092440F /* RxDobbyTests.swift */; };
/* End PBXBuildFile section */

/* Begin PBXContainerItemProxy section */
		9445913E1D7FEA1700CE9038 /* PBXContainerItemProxy */ = {
			isa = PBXContainerItemProxy;
			containerPortal = 944591271D7FEA1600CE9038 /* Rx.xcodeproj */;
			proxyType = 2;
			remoteGlobalIDString = C8A56AD71AD7424700B4673B;
			remoteInfo = "RxSwift-iOS";
		};
		944591401D7FEA1700CE9038 /* PBXContainerItemProxy */ = {
			isa = PBXContainerItemProxy;
			containerPortal = 944591271D7FEA1600CE9038 /* Rx.xcodeproj */;
			proxyType = 2;
			remoteGlobalIDString = C88BB8711B07E5ED0064D411;
			remoteInfo = "RxSwift-OSX";
		};
		944591421D7FEA1700CE9038 /* PBXContainerItemProxy */ = {
			isa = PBXContainerItemProxy;
			containerPortal = 944591271D7FEA1600CE9038 /* Rx.xcodeproj */;
			proxyType = 2;
			remoteGlobalIDString = D2EA280C1BB9B5A200880ED3;
			remoteInfo = "RxSwift-tvOS";
		};
		944591441D7FEA1700CE9038 /* PBXContainerItemProxy */ = {
			isa = PBXContainerItemProxy;
			containerPortal = 944591271D7FEA1600CE9038 /* Rx.xcodeproj */;
			proxyType = 2;
			remoteGlobalIDString = C8F0C0021BBBFB8B001B112F;
			remoteInfo = "RxSwift-watchOS";
		};
		944591461D7FEA1700CE9038 /* PBXContainerItemProxy */ = {
			isa = PBXContainerItemProxy;
			containerPortal = 944591271D7FEA1600CE9038 /* Rx.xcodeproj */;
			proxyType = 2;
			remoteGlobalIDString = C809396D1B8A71760088E94D;
			remoteInfo = "RxCocoa-iOS";
		};
		944591481D7FEA1700CE9038 /* PBXContainerItemProxy */ = {
			isa = PBXContainerItemProxy;
			containerPortal = 944591271D7FEA1600CE9038 /* Rx.xcodeproj */;
			proxyType = 2;
			remoteGlobalIDString = C80939E71B8A71840088E94D;
			remoteInfo = "RxCocoa-OSX";
		};
		9445914A1D7FEA1700CE9038 /* PBXContainerItemProxy */ = {
			isa = PBXContainerItemProxy;
			containerPortal = 944591271D7FEA1600CE9038 /* Rx.xcodeproj */;
			proxyType = 2;
			remoteGlobalIDString = D2138C751BB9BE9800339B5C;
			remoteInfo = "RxCocoa-tvOS";
		};
		9445914C1D7FEA1700CE9038 /* PBXContainerItemProxy */ = {
			isa = PBXContainerItemProxy;
			containerPortal = 944591271D7FEA1600CE9038 /* Rx.xcodeproj */;
			proxyType = 2;
			remoteGlobalIDString = C8F0C04B1BBBFBB9001B112F;
			remoteInfo = "RxCocoa-watchOS";
		};
		9445914E1D7FEA1700CE9038 /* PBXContainerItemProxy */ = {
			isa = PBXContainerItemProxy;
			containerPortal = 944591271D7FEA1600CE9038 /* Rx.xcodeproj */;
			proxyType = 2;
			remoteGlobalIDString = C8093BC71B8A71F00088E94D;
			remoteInfo = "RxBlocking-iOS";
		};
		944591501D7FEA1700CE9038 /* PBXContainerItemProxy */ = {
			isa = PBXContainerItemProxy;
			containerPortal = 944591271D7FEA1600CE9038 /* Rx.xcodeproj */;
			proxyType = 2;
			remoteGlobalIDString = C8093C451B8A71FC0088E94D;
			remoteInfo = "RxBlocking-OSX";
		};
		944591521D7FEA1700CE9038 /* PBXContainerItemProxy */ = {
			isa = PBXContainerItemProxy;
			containerPortal = 944591271D7FEA1600CE9038 /* Rx.xcodeproj */;
			proxyType = 2;
			remoteGlobalIDString = D2EBEB811BB9B99D003A27DC;
			remoteInfo = "RxBlocking-tvOS";
		};
		944591541D7FEA1700CE9038 /* PBXContainerItemProxy */ = {
			isa = PBXContainerItemProxy;
			containerPortal = 944591271D7FEA1600CE9038 /* Rx.xcodeproj */;
			proxyType = 2;
			remoteGlobalIDString = C8F0C0581BBBFBCE001B112F;
			remoteInfo = "RxBlocking-watchOS";
		};
		944591561D7FEA1700CE9038 /* PBXContainerItemProxy */ = {
			isa = PBXContainerItemProxy;
			containerPortal = 944591271D7FEA1600CE9038 /* Rx.xcodeproj */;
			proxyType = 2;
			remoteGlobalIDString = C88FA50C1C25C44800CCFEA4;
			remoteInfo = "RxTests-iOS";
		};
		944591581D7FEA1700CE9038 /* PBXContainerItemProxy */ = {
			isa = PBXContainerItemProxy;
			containerPortal = 944591271D7FEA1600CE9038 /* Rx.xcodeproj */;
			proxyType = 2;
			remoteGlobalIDString = C88FA51D1C25C4B500CCFEA4;
			remoteInfo = "RxTests-OSX";
		};
		9445915A1D7FEA1700CE9038 /* PBXContainerItemProxy */ = {
			isa = PBXContainerItemProxy;
			containerPortal = 944591271D7FEA1600CE9038 /* Rx.xcodeproj */;
			proxyType = 2;
			remoteGlobalIDString = C88FA52E1C25C4C000CCFEA4;
			remoteInfo = "RxTests-tvOS";
		};
		9445915C1D7FEA1700CE9038 /* PBXContainerItemProxy */ = {
			isa = PBXContainerItemProxy;
			containerPortal = 944591271D7FEA1600CE9038 /* Rx.xcodeproj */;
			proxyType = 2;
			remoteGlobalIDString = C88FA53F1C25C4CC00CCFEA4;
			remoteInfo = "RxTests-watchOS";
		};
		9445915E1D7FEA1700CE9038 /* PBXContainerItemProxy */ = {
			isa = PBXContainerItemProxy;
			containerPortal = 944591271D7FEA1600CE9038 /* Rx.xcodeproj */;
			proxyType = 2;
			remoteGlobalIDString = C83508C31C386F6F0027C24C;
			remoteInfo = "AllTests-iOS";
		};
		944591601D7FEA1700CE9038 /* PBXContainerItemProxy */ = {
			isa = PBXContainerItemProxy;
			containerPortal = 944591271D7FEA1600CE9038 /* Rx.xcodeproj */;
			proxyType = 2;
			remoteGlobalIDString = C83509841C38740E0027C24C;
			remoteInfo = "AllTests-tvOS";
		};
		944591621D7FEA1700CE9038 /* PBXContainerItemProxy */ = {
			isa = PBXContainerItemProxy;
			containerPortal = 944591271D7FEA1600CE9038 /* Rx.xcodeproj */;
			proxyType = 2;
			remoteGlobalIDString = C83509941C38742C0027C24C;
			remoteInfo = "AllTests-OSX";
		};
		944591641D7FEA1700CE9038 /* PBXContainerItemProxy */ = {
			isa = PBXContainerItemProxy;
			containerPortal = 944591271D7FEA1600CE9038 /* Rx.xcodeproj */;
			proxyType = 2;
			remoteGlobalIDString = C85BA04B1C3878740075D68E;
			remoteInfo = PerformanceTests;
		};
		94E4DADB1D7FE8630092440F /* PBXContainerItemProxy */ = {
			isa = PBXContainerItemProxy;
			containerPortal = 94E4DAC61D7FE8630092440F /* Project object */;
			proxyType = 1;
			remoteGlobalIDString = 94E4DACE1D7FE8630092440F;
			remoteInfo = RxDobby;
		};
/* End PBXContainerItemProxy section */

/* Begin PBXFileReference section */
		944591271D7FEA1600CE9038 /* Rx.xcodeproj */ = {isa = PBXFileReference; lastKnownFileType = "wrapper.pb-project"; name = Rx.xcodeproj; path = RxSwift/Rx.xcodeproj; sourceTree = "<group>"; };
		9445916B1D7FEAA700CE9038 /* RxDobbyExample.app */ = {isa = PBXFileReference; explicitFileType = wrapper.application; includeInIndex = 0; path = RxDobbyExample.app; sourceTree = BUILT_PRODUCTS_DIR; };
		9445916D1D7FEAA700CE9038 /* AppDelegate.swift */ = {isa = PBXFileReference; lastKnownFileType = sourcecode.swift; path = AppDelegate.swift; sourceTree = "<group>"; };
		9445916F1D7FEAA700CE9038 /* ViewController.swift */ = {isa = PBXFileReference; lastKnownFileType = sourcecode.swift; path = ViewController.swift; sourceTree = "<group>"; };
		944591721D7FEAA700CE9038 /* Base */ = {isa = PBXFileReference; lastKnownFileType = file.storyboard; name = Base; path = Base.lproj/Main.storyboard; sourceTree = "<group>"; };
		944591751D7FEAA700CE9038 /* RxDobbyExample.xcdatamodel */ = {isa = PBXFileReference; lastKnownFileType = wrapper.xcdatamodel; path = RxDobbyExample.xcdatamodel; sourceTree = "<group>"; };
		944591771D7FEAA700CE9038 /* Assets.xcassets */ = {isa = PBXFileReference; lastKnownFileType = folder.assetcatalog; path = Assets.xcassets; sourceTree = "<group>"; };
		9445917A1D7FEAA700CE9038 /* Base */ = {isa = PBXFileReference; lastKnownFileType = file.storyboard; name = Base; path = Base.lproj/LaunchScreen.storyboard; sourceTree = "<group>"; };
		9445917C1D7FEAA700CE9038 /* Info.plist */ = {isa = PBXFileReference; lastKnownFileType = text.plist.xml; path = Info.plist; sourceTree = "<group>"; };
		9445919F1D7FEC6300CE9038 /* delay.swift */ = {isa = PBXFileReference; fileEncoding = 4; lastKnownFileType = sourcecode.swift; path = delay.swift; sourceTree = "<group>"; };
		944591A11D7FECC100CE9038 /* DManagedObject.swift */ = {isa = PBXFileReference; fileEncoding = 4; lastKnownFileType = sourcecode.swift; path = DManagedObject.swift; sourceTree = "<group>"; };
		944591A61D7FF21300CE9038 /* DConstraintsBuilder.swift */ = {isa = PBXFileReference; fileEncoding = 4; lastKnownFileType = sourcecode.swift; path = DConstraintsBuilder.swift; sourceTree = "<group>"; };
		944591AB1D7FF21300CE9038 /* DIActivityIndicatorView.swift */ = {isa = PBXFileReference; fileEncoding = 4; lastKnownFileType = sourcecode.swift; path = DIActivityIndicatorView.swift; sourceTree = "<group>"; };
		944591B31D7FF2A600CE9038 /* DSegue.swift */ = {isa = PBXFileReference; fileEncoding = 4; lastKnownFileType = sourcecode.swift; path = DSegue.swift; sourceTree = "<group>"; };
		944591B41D7FF2A600CE9038 /* PopupTransitionDelegate.swift */ = {isa = PBXFileReference; fileEncoding = 4; lastKnownFileType = sourcecode.swift; path = PopupTransitionDelegate.swift; sourceTree = "<group>"; };
		944591B51D7FF2A600CE9038 /* RevealLeftHiddenViewSegue.swift */ = {isa = PBXFileReference; fileEncoding = 4; lastKnownFileType = sourcecode.swift; path = RevealLeftHiddenViewSegue.swift; sourceTree = "<group>"; };
		944591B61D7FF2A600CE9038 /* SlideOverTransitionDelegate.swift */ = {isa = PBXFileReference; fileEncoding = 4; lastKnownFileType = sourcecode.swift; path = SlideOverTransitionDelegate.swift; sourceTree = "<group>"; };
		949F94811D8147B30024082D /* ExamListViewController.swift */ = {isa = PBXFileReference; fileEncoding = 4; lastKnownFileType = sourcecode.swift; path = ExamListViewController.swift; sourceTree = "<group>"; };
		949F94871D814ACE0024082D /* UIViewController+Extension.swift */ = {isa = PBXFileReference; fileEncoding = 4; lastKnownFileType = sourcecode.swift; path = "UIViewController+Extension.swift"; sourceTree = "<group>"; };
		949F94891D814B2B0024082D /* MenuViewController.swift */ = {isa = PBXFileReference; fileEncoding = 4; lastKnownFileType = sourcecode.swift; path = MenuViewController.swift; sourceTree = "<group>"; };
		949F948B1D814CC50024082D /* DSlideable.swift */ = {isa = PBXFileReference; fileEncoding = 4; lastKnownFileType = sourcecode.swift; path = DSlideable.swift; sourceTree = "<group>"; };
		94E4DACF1D7FE8630092440F /* RxDobby.framework */ = {isa = PBXFileReference; explicitFileType = wrapper.framework; includeInIndex = 0; path = RxDobby.framework; sourceTree = BUILT_PRODUCTS_DIR; };
		94E4DAD21D7FE8630092440F /* RxDobby.h */ = {isa = PBXFileReference; lastKnownFileType = sourcecode.c.h; path = RxDobby.h; sourceTree = "<group>"; };
		94E4DAD41D7FE8630092440F /* Info.plist */ = {isa = PBXFileReference; lastKnownFileType = text.plist.xml; path = Info.plist; sourceTree = "<group>"; };
		94E4DAD91D7FE8630092440F /* RxDobbyTests.xctest */ = {isa = PBXFileReference; explicitFileType = wrapper.cfbundle; includeInIndex = 0; path = RxDobbyTests.xctest; sourceTree = BUILT_PRODUCTS_DIR; };
		94E4DADE1D7FE8630092440F /* RxDobbyTests.swift */ = {isa = PBXFileReference; lastKnownFileType = sourcecode.swift; path = RxDobbyTests.swift; sourceTree = "<group>"; };
		94E4DAE01D7FE8630092440F /* Info.plist */ = {isa = PBXFileReference; lastKnownFileType = text.plist.xml; path = Info.plist; sourceTree = "<group>"; };
/* End PBXFileReference section */

/* Begin PBXFrameworksBuildPhase section */
		944591681D7FEAA700CE9038 /* Frameworks */ = {
			isa = PBXFrameworksBuildPhase;
			buildActionMask = 2147483647;
			files = (
				9445919D1D7FEAE800CE9038 /* RxSwift.framework in Frameworks */,
				9445919C1D7FEAE300CE9038 /* RxDobby.framework in Frameworks */,
			);
			runOnlyForDeploymentPostprocessing = 0;
		};
		94E4DACB1D7FE8630092440F /* Frameworks */ = {
			isa = PBXFrameworksBuildPhase;
			buildActionMask = 2147483647;
			files = (
				944591661D7FEA2800CE9038 /* RxSwift.framework in Frameworks */,
			);
			runOnlyForDeploymentPostprocessing = 0;
		};
		94E4DAD61D7FE8630092440F /* Frameworks */ = {
			isa = PBXFrameworksBuildPhase;
			buildActionMask = 2147483647;
			files = (
				94E4DADA1D7FE8630092440F /* RxDobby.framework in Frameworks */,
			);
			runOnlyForDeploymentPostprocessing = 0;
		};
/* End PBXFrameworksBuildPhase section */

/* Begin PBXGroup section */
		944591281D7FEA1600CE9038 /* Products */ = {
			isa = PBXGroup;
			children = (
				9445913F1D7FEA1700CE9038 /* RxSwift.framework */,
				944591411D7FEA1700CE9038 /* RxSwift.framework */,
				944591431D7FEA1700CE9038 /* RxSwift.framework */,
				944591451D7FEA1700CE9038 /* RxSwift.framework */,
				944591471D7FEA1700CE9038 /* RxCocoa.framework */,
				944591491D7FEA1700CE9038 /* RxCocoa.framework */,
				9445914B1D7FEA1700CE9038 /* RxCocoa.framework */,
				9445914D1D7FEA1700CE9038 /* RxCocoa.framework */,
				9445914F1D7FEA1700CE9038 /* RxBlocking.framework */,
				944591511D7FEA1700CE9038 /* RxBlocking.framework */,
				944591531D7FEA1700CE9038 /* RxBlocking.framework */,
				944591551D7FEA1700CE9038 /* RxBlocking.framework */,
				944591571D7FEA1700CE9038 /* RxTests.framework */,
				944591591D7FEA1700CE9038 /* RxTests.framework */,
				9445915B1D7FEA1700CE9038 /* RxTests.framework */,
				9445915D1D7FEA1700CE9038 /* RxTests.framework */,
				9445915F1D7FEA1700CE9038 /* AllTests-iOS.xctest */,
				944591611D7FEA1700CE9038 /* AllTests-tvOS.xctest */,
				944591631D7FEA1700CE9038 /* AllTests-OSX.xctest */,
				944591651D7FEA1700CE9038 /* PerformanceTests.app */,
			);
			name = Products;
			sourceTree = "<group>";
		};
		9445916C1D7FEAA700CE9038 /* RxDobbyExample */ = {
			isa = PBXGroup;
			children = (
				949F94861D814AC40024082D /* extension */,
				9445916D1D7FEAA700CE9038 /* AppDelegate.swift */,
				949F94811D8147B30024082D /* ExamListViewController.swift */,
				9445916F1D7FEAA700CE9038 /* ViewController.swift */,
				949F94891D814B2B0024082D /* MenuViewController.swift */,
				944591711D7FEAA700CE9038 /* Main.storyboard */,
				944591771D7FEAA700CE9038 /* Assets.xcassets */,
				944591791D7FEAA700CE9038 /* LaunchScreen.storyboard */,
				9445917C1D7FEAA700CE9038 /* Info.plist */,
				944591741D7FEAA700CE9038 /* RxDobbyExample.xcdatamodeld */,
			);
			path = RxDobbyExample;
			sourceTree = "<group>";
		};
		9445919E1D7FEC5A00CE9038 /* function */ = {
			isa = PBXGroup;
			children = (
				9445919F1D7FEC6300CE9038 /* delay.swift */,
			);
			path = function;
			sourceTree = "<group>";
		};
		944591A51D7FED3000CE9038 /* ui */ = {
			isa = PBXGroup;
			children = (
				944591A61D7FF21300CE9038 /* DConstraintsBuilder.swift */,
				944591AB1D7FF21300CE9038 /* DIActivityIndicatorView.swift */,
				949F948B1D814CC50024082D /* DSlideable.swift */,
			);
			path = ui;
			sourceTree = "<group>";
		};
		944591B21D7FF28100CE9038 /* segue */ = {
			isa = PBXGroup;
			children = (
				944591B31D7FF2A600CE9038 /* DSegue.swift */,
				944591B41D7FF2A600CE9038 /* PopupTransitionDelegate.swift */,
				944591B51D7FF2A600CE9038 /* RevealLeftHiddenViewSegue.swift */,
				944591B61D7FF2A600CE9038 /* SlideOverTransitionDelegate.swift */,
			);
			path = segue;
			sourceTree = "<group>";
		};
		949F94831D81492D0024082D /* extension */ = {
			isa = PBXGroup;
			children = (
			);
			path = extension;
			sourceTree = "<group>";
		};
		949F94861D814AC40024082D /* extension */ = {
			isa = PBXGroup;
			children = (
				949F94871D814ACE0024082D /* UIViewController+Extension.swift */,
			);
			path = extension;
			sourceTree = "<group>";
		};
		94E4DAC51D7FE8630092440F = {
			isa = PBXGroup;
			children = (
				944591271D7FEA1600CE9038 /* Rx.xcodeproj */,
				94E4DAD11D7FE8630092440F /* RxDobby */,
				94E4DADD1D7FE8630092440F /* RxDobbyTests */,
				9445916C1D7FEAA700CE9038 /* RxDobbyExample */,
				94E4DAD01D7FE8630092440F /* Products */,
			);
			sourceTree = "<group>";
		};
		94E4DAD01D7FE8630092440F /* Products */ = {
			isa = PBXGroup;
			children = (
				94E4DACF1D7FE8630092440F /* RxDobby.framework */,
				94E4DAD91D7FE8630092440F /* RxDobbyTests.xctest */,
				9445916B1D7FEAA700CE9038 /* RxDobbyExample.app */,
			);
			name = Products;
			sourceTree = "<group>";
		};
		94E4DAD11D7FE8630092440F /* RxDobby */ = {
			isa = PBXGroup;
			children = (
				9445919E1D7FEC5A00CE9038 /* function */,
				949F94831D81492D0024082D /* extension */,
				944591B21D7FF28100CE9038 /* segue */,
				944591A51D7FED3000CE9038 /* ui */,
				944591A11D7FECC100CE9038 /* DManagedObject.swift */,
				94E4DAD21D7FE8630092440F /* RxDobby.h */,
				94E4DAD41D7FE8630092440F /* Info.plist */,
			);
			path = RxDobby;
			sourceTree = "<group>";
		};
		94E4DADD1D7FE8630092440F /* RxDobbyTests */ = {
			isa = PBXGroup;
			children = (
				94E4DADE1D7FE8630092440F /* RxDobbyTests.swift */,
				94E4DAE01D7FE8630092440F /* Info.plist */,
			);
			path = RxDobbyTests;
			sourceTree = "<group>";
		};
/* End PBXGroup section */

/* Begin PBXHeadersBuildPhase section */
		94E4DACC1D7FE8630092440F /* Headers */ = {
			isa = PBXHeadersBuildPhase;
			buildActionMask = 2147483647;
			files = (
				94E4DAD31D7FE8630092440F /* RxDobby.h in Headers */,
			);
			runOnlyForDeploymentPostprocessing = 0;
		};
/* End PBXHeadersBuildPhase section */

/* Begin PBXNativeTarget section */
		9445916A1D7FEAA700CE9038 /* RxDobbyExample */ = {
			isa = PBXNativeTarget;
			buildConfigurationList = 944591931D7FEAA700CE9038 /* Build configuration list for PBXNativeTarget "RxDobbyExample" */;
			buildPhases = (
				944591671D7FEAA700CE9038 /* Sources */,
				944591681D7FEAA700CE9038 /* Frameworks */,
				944591691D7FEAA700CE9038 /* Resources */,
			);
			buildRules = (
			);
			dependencies = (
			);
			name = RxDobbyExample;
			productName = RxDobbyExample;
			productReference = 9445916B1D7FEAA700CE9038 /* RxDobbyExample.app */;
			productType = "com.apple.product-type.application";
		};
		94E4DACE1D7FE8630092440F /* RxDobby */ = {
			isa = PBXNativeTarget;
			buildConfigurationList = 94E4DAE31D7FE8630092440F /* Build configuration list for PBXNativeTarget "RxDobby" */;
			buildPhases = (
				94E4DACA1D7FE8630092440F /* Sources */,
				94E4DACB1D7FE8630092440F /* Frameworks */,
				94E4DACC1D7FE8630092440F /* Headers */,
				94E4DACD1D7FE8630092440F /* Resources */,
			);
			buildRules = (
			);
			dependencies = (
			);
			name = RxDobby;
			productName = RxDobby;
			productReference = 94E4DACF1D7FE8630092440F /* RxDobby.framework */;
			productType = "com.apple.product-type.framework";
		};
		94E4DAD81D7FE8630092440F /* RxDobbyTests */ = {
			isa = PBXNativeTarget;
			buildConfigurationList = 94E4DAE61D7FE8630092440F /* Build configuration list for PBXNativeTarget "RxDobbyTests" */;
			buildPhases = (
				94E4DAD51D7FE8630092440F /* Sources */,
				94E4DAD61D7FE8630092440F /* Frameworks */,
				94E4DAD71D7FE8630092440F /* Resources */,
			);
			buildRules = (
			);
			dependencies = (
				94E4DADC1D7FE8630092440F /* PBXTargetDependency */,
			);
			name = RxDobbyTests;
			productName = RxDobbyTests;
			productReference = 94E4DAD91D7FE8630092440F /* RxDobbyTests.xctest */;
			productType = "com.apple.product-type.bundle.unit-test";
		};
/* End PBXNativeTarget section */

/* Begin PBXProject section */
		94E4DAC61D7FE8630092440F /* Project object */ = {
			isa = PBXProject;
			attributes = {
				LastSwiftUpdateCheck = 0730;
				LastUpgradeCheck = 0730;
				ORGANIZATIONNAME = kimyoungjin;
				TargetAttributes = {
					9445916A1D7FEAA700CE9038 = {
						CreatedOnToolsVersion = 7.3.1;
					};
					94E4DACE1D7FE8630092440F = {
						CreatedOnToolsVersion = 7.3.1;
					};
					94E4DAD81D7FE8630092440F = {
						CreatedOnToolsVersion = 7.3.1;
					};
				};
			};
			buildConfigurationList = 94E4DAC91D7FE8630092440F /* Build configuration list for PBXProject "RxDobby" */;
			compatibilityVersion = "Xcode 3.2";
			developmentRegion = English;
			hasScannedForEncodings = 0;
			knownRegions = (
				en,
				Base,
			);
			mainGroup = 94E4DAC51D7FE8630092440F;
			productRefGroup = 94E4DAD01D7FE8630092440F /* Products */;
			projectDirPath = "";
			projectReferences = (
				{
					ProductGroup = 944591281D7FEA1600CE9038 /* Products */;
					ProjectRef = 944591271D7FEA1600CE9038 /* Rx.xcodeproj */;
				},
			);
			projectRoot = "";
			targets = (
				94E4DACE1D7FE8630092440F /* RxDobby */,
				94E4DAD81D7FE8630092440F /* RxDobbyTests */,
				9445916A1D7FEAA700CE9038 /* RxDobbyExample */,
			);
		};
/* End PBXProject section */

/* Begin PBXReferenceProxy section */
		9445913F1D7FEA1700CE9038 /* RxSwift.framework */ = {
			isa = PBXReferenceProxy;
			fileType = wrapper.framework;
			path = RxSwift.framework;
			remoteRef = 9445913E1D7FEA1700CE9038 /* PBXContainerItemProxy */;
			sourceTree = BUILT_PRODUCTS_DIR;
		};
		944591411D7FEA1700CE9038 /* RxSwift.framework */ = {
			isa = PBXReferenceProxy;
			fileType = wrapper.framework;
			path = RxSwift.framework;
			remoteRef = 944591401D7FEA1700CE9038 /* PBXContainerItemProxy */;
			sourceTree = BUILT_PRODUCTS_DIR;
		};
		944591431D7FEA1700CE9038 /* RxSwift.framework */ = {
			isa = PBXReferenceProxy;
			fileType = wrapper.framework;
			path = RxSwift.framework;
			remoteRef = 944591421D7FEA1700CE9038 /* PBXContainerItemProxy */;
			sourceTree = BUILT_PRODUCTS_DIR;
		};
		944591451D7FEA1700CE9038 /* RxSwift.framework */ = {
			isa = PBXReferenceProxy;
			fileType = wrapper.framework;
			path = RxSwift.framework;
			remoteRef = 944591441D7FEA1700CE9038 /* PBXContainerItemProxy */;
			sourceTree = BUILT_PRODUCTS_DIR;
		};
		944591471D7FEA1700CE9038 /* RxCocoa.framework */ = {
			isa = PBXReferenceProxy;
			fileType = wrapper.framework;
			path = RxCocoa.framework;
			remoteRef = 944591461D7FEA1700CE9038 /* PBXContainerItemProxy */;
			sourceTree = BUILT_PRODUCTS_DIR;
		};
		944591491D7FEA1700CE9038 /* RxCocoa.framework */ = {
			isa = PBXReferenceProxy;
			fileType = wrapper.framework;
			path = RxCocoa.framework;
			remoteRef = 944591481D7FEA1700CE9038 /* PBXContainerItemProxy */;
			sourceTree = BUILT_PRODUCTS_DIR;
		};
		9445914B1D7FEA1700CE9038 /* RxCocoa.framework */ = {
			isa = PBXReferenceProxy;
			fileType = wrapper.framework;
			path = RxCocoa.framework;
			remoteRef = 9445914A1D7FEA1700CE9038 /* PBXContainerItemProxy */;
			sourceTree = BUILT_PRODUCTS_DIR;
		};
		9445914D1D7FEA1700CE9038 /* RxCocoa.framework */ = {
			isa = PBXReferenceProxy;
			fileType = wrapper.framework;
			path = RxCocoa.framework;
			remoteRef = 9445914C1D7FEA1700CE9038 /* PBXContainerItemProxy */;
			sourceTree = BUILT_PRODUCTS_DIR;
		};
		9445914F1D7FEA1700CE9038 /* RxBlocking.framework */ = {
			isa = PBXReferenceProxy;
			fileType = wrapper.framework;
			path = RxBlocking.framework;
			remoteRef = 9445914E1D7FEA1700CE9038 /* PBXContainerItemProxy */;
			sourceTree = BUILT_PRODUCTS_DIR;
		};
		944591511D7FEA1700CE9038 /* RxBlocking.framework */ = {
			isa = PBXReferenceProxy;
			fileType = wrapper.framework;
			path = RxBlocking.framework;
			remoteRef = 944591501D7FEA1700CE9038 /* PBXContainerItemProxy */;
			sourceTree = BUILT_PRODUCTS_DIR;
		};
		944591531D7FEA1700CE9038 /* RxBlocking.framework */ = {
			isa = PBXReferenceProxy;
			fileType = wrapper.framework;
			path = RxBlocking.framework;
			remoteRef = 944591521D7FEA1700CE9038 /* PBXContainerItemProxy */;
			sourceTree = BUILT_PRODUCTS_DIR;
		};
		944591551D7FEA1700CE9038 /* RxBlocking.framework */ = {
			isa = PBXReferenceProxy;
			fileType = wrapper.framework;
			path = RxBlocking.framework;
			remoteRef = 944591541D7FEA1700CE9038 /* PBXContainerItemProxy */;
			sourceTree = BUILT_PRODUCTS_DIR;
		};
		944591571D7FEA1700CE9038 /* RxTests.framework */ = {
			isa = PBXReferenceProxy;
			fileType = wrapper.framework;
			path = RxTests.framework;
			remoteRef = 944591561D7FEA1700CE9038 /* PBXContainerItemProxy */;
			sourceTree = BUILT_PRODUCTS_DIR;
		};
		944591591D7FEA1700CE9038 /* RxTests.framework */ = {
			isa = PBXReferenceProxy;
			fileType = wrapper.framework;
			path = RxTests.framework;
			remoteRef = 944591581D7FEA1700CE9038 /* PBXContainerItemProxy */;
			sourceTree = BUILT_PRODUCTS_DIR;
		};
		9445915B1D7FEA1700CE9038 /* RxTests.framework */ = {
			isa = PBXReferenceProxy;
			fileType = wrapper.framework;
			path = RxTests.framework;
			remoteRef = 9445915A1D7FEA1700CE9038 /* PBXContainerItemProxy */;
			sourceTree = BUILT_PRODUCTS_DIR;
		};
		9445915D1D7FEA1700CE9038 /* RxTests.framework */ = {
			isa = PBXReferenceProxy;
			fileType = wrapper.framework;
			path = RxTests.framework;
			remoteRef = 9445915C1D7FEA1700CE9038 /* PBXContainerItemProxy */;
			sourceTree = BUILT_PRODUCTS_DIR;
		};
		9445915F1D7FEA1700CE9038 /* AllTests-iOS.xctest */ = {
			isa = PBXReferenceProxy;
			fileType = wrapper.cfbundle;
			path = "AllTests-iOS.xctest";
			remoteRef = 9445915E1D7FEA1700CE9038 /* PBXContainerItemProxy */;
			sourceTree = BUILT_PRODUCTS_DIR;
		};
		944591611D7FEA1700CE9038 /* AllTests-tvOS.xctest */ = {
			isa = PBXReferenceProxy;
			fileType = wrapper.cfbundle;
			path = "AllTests-tvOS.xctest";
			remoteRef = 944591601D7FEA1700CE9038 /* PBXContainerItemProxy */;
			sourceTree = BUILT_PRODUCTS_DIR;
		};
		944591631D7FEA1700CE9038 /* AllTests-OSX.xctest */ = {
			isa = PBXReferenceProxy;
			fileType = wrapper.cfbundle;
			path = "AllTests-OSX.xctest";
			remoteRef = 944591621D7FEA1700CE9038 /* PBXContainerItemProxy */;
			sourceTree = BUILT_PRODUCTS_DIR;
		};
		944591651D7FEA1700CE9038 /* PerformanceTests.app */ = {
			isa = PBXReferenceProxy;
			fileType = wrapper.application;
			path = PerformanceTests.app;
			remoteRef = 944591641D7FEA1700CE9038 /* PBXContainerItemProxy */;
			sourceTree = BUILT_PRODUCTS_DIR;
		};
/* End PBXReferenceProxy section */

/* Begin PBXResourcesBuildPhase section */
		944591691D7FEAA700CE9038 /* Resources */ = {
			isa = PBXResourcesBuildPhase;
			buildActionMask = 2147483647;
			files = (
				9445917B1D7FEAA700CE9038 /* LaunchScreen.storyboard in Resources */,
				944591781D7FEAA700CE9038 /* Assets.xcassets in Resources */,
				944591731D7FEAA700CE9038 /* Main.storyboard in Resources */,
			);
			runOnlyForDeploymentPostprocessing = 0;
		};
		94E4DACD1D7FE8630092440F /* Resources */ = {
			isa = PBXResourcesBuildPhase;
			buildActionMask = 2147483647;
			files = (
			);
			runOnlyForDeploymentPostprocessing = 0;
		};
		94E4DAD71D7FE8630092440F /* Resources */ = {
			isa = PBXResourcesBuildPhase;
			buildActionMask = 2147483647;
			files = (
			);
			runOnlyForDeploymentPostprocessing = 0;
		};
/* End PBXResourcesBuildPhase section */

/* Begin PBXSourcesBuildPhase section */
		944591671D7FEAA700CE9038 /* Sources */ = {
			isa = PBXSourcesBuildPhase;
			buildActionMask = 2147483647;
			files = (
				944591761D7FEAA700CE9038 /* RxDobbyExample.xcdatamodeld in Sources */,
				949F948A1D814B2B0024082D /* MenuViewController.swift in Sources */,
				949F94821D8147B30024082D /* ExamListViewController.swift in Sources */,
				944591701D7FEAA700CE9038 /* ViewController.swift in Sources */,
				949F94881D814ACE0024082D /* UIViewController+Extension.swift in Sources */,
				9445916E1D7FEAA700CE9038 /* AppDelegate.swift in Sources */,
			);
			runOnlyForDeploymentPostprocessing = 0;
		};
		94E4DACA1D7FE8630092440F /* Sources */ = {
			isa = PBXSourcesBuildPhase;
			buildActionMask = 2147483647;
			files = (
				944591B81D7FF2A600CE9038 /* PopupTransitionDelegate.swift in Sources */,
				944591B11D7FF21300CE9038 /* DIActivityIndicatorView.swift in Sources */,
				944591A01D7FEC6300CE9038 /* delay.swift in Sources */,
				944591AC1D7FF21300CE9038 /* DConstraintsBuilder.swift in Sources */,
				944591A21D7FECC100CE9038 /* DManagedObject.swift in Sources */,
				944591BA1D7FF2A600CE9038 /* SlideOverTransitionDelegate.swift in Sources */,
				949F948C1D814CC50024082D /* DSlideable.swift in Sources */,
				944591B91D7FF2A600CE9038 /* RevealLeftHiddenViewSegue.swift in Sources */,
				944591B71D7FF2A600CE9038 /* DSegue.swift in Sources */,
			);
			runOnlyForDeploymentPostprocessing = 0;
		};
		94E4DAD51D7FE8630092440F /* Sources */ = {
			isa = PBXSourcesBuildPhase;
			buildActionMask = 2147483647;
			files = (
				94E4DADF1D7FE8630092440F /* RxDobbyTests.swift in Sources */,
			);
			runOnlyForDeploymentPostprocessing = 0;
		};
/* End PBXSourcesBuildPhase section */

/* Begin PBXTargetDependency section */
		94E4DADC1D7FE8630092440F /* PBXTargetDependency */ = {
			isa = PBXTargetDependency;
			target = 94E4DACE1D7FE8630092440F /* RxDobby */;
			targetProxy = 94E4DADB1D7FE8630092440F /* PBXContainerItemProxy */;
		};
/* End PBXTargetDependency section */

/* Begin PBXVariantGroup section */
		944591711D7FEAA700CE9038 /* Main.storyboard */ = {
			isa = PBXVariantGroup;
			children = (
				944591721D7FEAA700CE9038 /* Base */,
			);
			name = Main.storyboard;
			sourceTree = "<group>";
		};
		944591791D7FEAA700CE9038 /* LaunchScreen.storyboard */ = {
			isa = PBXVariantGroup;
			children = (
				9445917A1D7FEAA700CE9038 /* Base */,
			);
			name = LaunchScreen.storyboard;
			sourceTree = "<group>";
		};
/* End PBXVariantGroup section */

/* Begin XCBuildConfiguration section */
		944591941D7FEAA700CE9038 /* Debug */ = {
			isa = XCBuildConfiguration;
			buildSettings = {
				ASSETCATALOG_COMPILER_APPICON_NAME = AppIcon;
				INFOPLIST_FILE = RxDobbyExample/Info.plist;
				LD_RUNPATH_SEARCH_PATHS = "$(inherited) @executable_path/Frameworks";
				PRODUCT_BUNDLE_IDENTIFIER = com.kimyoungjin.RxDobbyExample;
				PRODUCT_NAME = "$(TARGET_NAME)";
			};
			name = Debug;
		};
		944591951D7FEAA700CE9038 /* Release */ = {
			isa = XCBuildConfiguration;
			buildSettings = {
				ASSETCATALOG_COMPILER_APPICON_NAME = AppIcon;
				INFOPLIST_FILE = RxDobbyExample/Info.plist;
				LD_RUNPATH_SEARCH_PATHS = "$(inherited) @executable_path/Frameworks";
				PRODUCT_BUNDLE_IDENTIFIER = com.kimyoungjin.RxDobbyExample;
				PRODUCT_NAME = "$(TARGET_NAME)";
			};
			name = Release;
		};
		94E4DAE11D7FE8630092440F /* Debug */ = {
			isa = XCBuildConfiguration;
			buildSettings = {
				ALWAYS_SEARCH_USER_PATHS = NO;
				CLANG_ANALYZER_NONNULL = YES;
				CLANG_CXX_LANGUAGE_STANDARD = "gnu++0x";
				CLANG_CXX_LIBRARY = "libc++";
				CLANG_ENABLE_MODULES = YES;
				CLANG_ENABLE_OBJC_ARC = YES;
				CLANG_WARN_BOOL_CONVERSION = YES;
				CLANG_WARN_CONSTANT_CONVERSION = YES;
				CLANG_WARN_DIRECT_OBJC_ISA_USAGE = YES_ERROR;
				CLANG_WARN_EMPTY_BODY = YES;
				CLANG_WARN_ENUM_CONVERSION = YES;
				CLANG_WARN_INT_CONVERSION = YES;
				CLANG_WARN_OBJC_ROOT_CLASS = YES_ERROR;
				CLANG_WARN_UNREACHABLE_CODE = YES;
				CLANG_WARN__DUPLICATE_METHOD_MATCH = YES;
				"CODE_SIGN_IDENTITY[sdk=iphoneos*]" = "iPhone Developer";
				COPY_PHASE_STRIP = NO;
				CURRENT_PROJECT_VERSION = 1;
				DEBUG_INFORMATION_FORMAT = dwarf;
				ENABLE_STRICT_OBJC_MSGSEND = YES;
				ENABLE_TESTABILITY = YES;
				GCC_C_LANGUAGE_STANDARD = gnu99;
				GCC_DYNAMIC_NO_PIC = NO;
				GCC_NO_COMMON_BLOCKS = YES;
				GCC_OPTIMIZATION_LEVEL = 0;
				GCC_PREPROCESSOR_DEFINITIONS = (
					"DEBUG=1",
					"$(inherited)",
				);
				GCC_WARN_64_TO_32_BIT_CONVERSION = YES;
				GCC_WARN_ABOUT_RETURN_TYPE = YES_ERROR;
				GCC_WARN_UNDECLARED_SELECTOR = YES;
				GCC_WARN_UNINITIALIZED_AUTOS = YES_AGGRESSIVE;
				GCC_WARN_UNUSED_FUNCTION = YES;
				GCC_WARN_UNUSED_VARIABLE = YES;
				IPHONEOS_DEPLOYMENT_TARGET = 9.3;
				MTL_ENABLE_DEBUG_INFO = YES;
				ONLY_ACTIVE_ARCH = YES;
				SDKROOT = iphoneos;
				SWIFT_OPTIMIZATION_LEVEL = "-Onone";
				TARGETED_DEVICE_FAMILY = "1,2";
				VERSIONING_SYSTEM = "apple-generic";
				VERSION_INFO_PREFIX = "";
			};
			name = Debug;
		};
		94E4DAE21D7FE8630092440F /* Release */ = {
			isa = XCBuildConfiguration;
			buildSettings = {
				ALWAYS_SEARCH_USER_PATHS = NO;
				CLANG_ANALYZER_NONNULL = YES;
				CLANG_CXX_LANGUAGE_STANDARD = "gnu++0x";
				CLANG_CXX_LIBRARY = "libc++";
				CLANG_ENABLE_MODULES = YES;
				CLANG_ENABLE_OBJC_ARC = YES;
				CLANG_WARN_BOOL_CONVERSION = YES;
				CLANG_WARN_CONSTANT_CONVERSION = YES;
				CLANG_WARN_DIRECT_OBJC_ISA_USAGE = YES_ERROR;
				CLANG_WARN_EMPTY_BODY = YES;
				CLANG_WARN_ENUM_CONVERSION = YES;
				CLANG_WARN_INT_CONVERSION = YES;
				CLANG_WARN_OBJC_ROOT_CLASS = YES_ERROR;
				CLANG_WARN_UNREACHABLE_CODE = YES;
				CLANG_WARN__DUPLICATE_METHOD_MATCH = YES;
				"CODE_SIGN_IDENTITY[sdk=iphoneos*]" = "iPhone Developer";
				COPY_PHASE_STRIP = NO;
				CURRENT_PROJECT_VERSION = 1;
				DEBUG_INFORMATION_FORMAT = "dwarf-with-dsym";
				ENABLE_NS_ASSERTIONS = NO;
				ENABLE_STRICT_OBJC_MSGSEND = YES;
				GCC_C_LANGUAGE_STANDARD = gnu99;
				GCC_NO_COMMON_BLOCKS = YES;
				GCC_WARN_64_TO_32_BIT_CONVERSION = YES;
				GCC_WARN_ABOUT_RETURN_TYPE = YES_ERROR;
				GCC_WARN_UNDECLARED_SELECTOR = YES;
				GCC_WARN_UNINITIALIZED_AUTOS = YES_AGGRESSIVE;
				GCC_WARN_UNUSED_FUNCTION = YES;
				GCC_WARN_UNUSED_VARIABLE = YES;
				IPHONEOS_DEPLOYMENT_TARGET = 9.3;
				MTL_ENABLE_DEBUG_INFO = NO;
				SDKROOT = iphoneos;
				TARGETED_DEVICE_FAMILY = "1,2";
				VALIDATE_PRODUCT = YES;
				VERSIONING_SYSTEM = "apple-generic";
				VERSION_INFO_PREFIX = "";
			};
			name = Release;
		};
		94E4DAE41D7FE8630092440F /* Debug */ = {
			isa = XCBuildConfiguration;
			buildSettings = {
				CLANG_ENABLE_MODULES = YES;
				DEFINES_MODULE = YES;
				DYLIB_COMPATIBILITY_VERSION = 1;
				DYLIB_CURRENT_VERSION = 1;
				DYLIB_INSTALL_NAME_BASE = "@rpath";
				INFOPLIST_FILE = RxDobby/Info.plist;
				INSTALL_PATH = "$(LOCAL_LIBRARY_DIR)/Frameworks";
				IPHONEOS_DEPLOYMENT_TARGET = 8.0;
				LD_RUNPATH_SEARCH_PATHS = "$(inherited) @executable_path/Frameworks @loader_path/Frameworks";
				PRODUCT_BUNDLE_IDENTIFIER = com.kimyoungjin.RxDobby;
				PRODUCT_NAME = "$(TARGET_NAME)";
				SKIP_INSTALL = YES;
				SWIFT_OPTIMIZATION_LEVEL = "-Onone";
			};
			name = Debug;
		};
		94E4DAE51D7FE8630092440F /* Release */ = {
			isa = XCBuildConfiguration;
			buildSettings = {
				CLANG_ENABLE_MODULES = YES;
				DEFINES_MODULE = YES;
				DYLIB_COMPATIBILITY_VERSION = 1;
				DYLIB_CURRENT_VERSION = 1;
				DYLIB_INSTALL_NAME_BASE = "@rpath";
				INFOPLIST_FILE = RxDobby/Info.plist;
				INSTALL_PATH = "$(LOCAL_LIBRARY_DIR)/Frameworks";
				IPHONEOS_DEPLOYMENT_TARGET = 8.0;
				LD_RUNPATH_SEARCH_PATHS = "$(inherited) @executable_path/Frameworks @loader_path/Frameworks";
				PRODUCT_BUNDLE_IDENTIFIER = com.kimyoungjin.RxDobby;
				PRODUCT_NAME = "$(TARGET_NAME)";
				SKIP_INSTALL = YES;
			};
			name = Release;
		};
		94E4DAE71D7FE8630092440F /* Debug */ = {
			isa = XCBuildConfiguration;
			buildSettings = {
				INFOPLIST_FILE = RxDobbyTests/Info.plist;
				LD_RUNPATH_SEARCH_PATHS = "$(inherited) @executable_path/Frameworks @loader_path/Frameworks";
				PRODUCT_BUNDLE_IDENTIFIER = com.kimyoungjin.RxDobbyTests;
				PRODUCT_NAME = "$(TARGET_NAME)";
			};
			name = Debug;
		};
		94E4DAE81D7FE8630092440F /* Release */ = {
			isa = XCBuildConfiguration;
			buildSettings = {
				INFOPLIST_FILE = RxDobbyTests/Info.plist;
				LD_RUNPATH_SEARCH_PATHS = "$(inherited) @executable_path/Frameworks @loader_path/Frameworks";
				PRODUCT_BUNDLE_IDENTIFIER = com.kimyoungjin.RxDobbyTests;
				PRODUCT_NAME = "$(TARGET_NAME)";
			};
			name = Release;
		};
/* End XCBuildConfiguration section */

/* Begin XCConfigurationList section */
		944591931D7FEAA700CE9038 /* Build configuration list for PBXNativeTarget "RxDobbyExample" */ = {
			isa = XCConfigurationList;
			buildConfigurations = (
				944591941D7FEAA700CE9038 /* Debug */,
				944591951D7FEAA700CE9038 /* Release */,
			);
			defaultConfigurationIsVisible = 0;
			defaultConfigurationName = Release;
		};
		94E4DAC91D7FE8630092440F /* Build configuration list for PBXProject "RxDobby" */ = {
			isa = XCConfigurationList;
			buildConfigurations = (
				94E4DAE11D7FE8630092440F /* Debug */,
				94E4DAE21D7FE8630092440F /* Release */,
			);
			defaultConfigurationIsVisible = 0;
			defaultConfigurationName = Release;
		};
		94E4DAE31D7FE8630092440F /* Build configuration list for PBXNativeTarget "RxDobby" */ = {
			isa = XCConfigurationList;
			buildConfigurations = (
				94E4DAE41D7FE8630092440F /* Debug */,
				94E4DAE51D7FE8630092440F /* Release */,
			);
			defaultConfigurationIsVisible = 0;
			defaultConfigurationName = Release;
		};
		94E4DAE61D7FE8630092440F /* Build configuration list for PBXNativeTarget "RxDobbyTests" */ = {
			isa = XCConfigurationList;
			buildConfigurations = (
				94E4DAE71D7FE8630092440F /* Debug */,
				94E4DAE81D7FE8630092440F /* Release */,
			);
			defaultConfigurationIsVisible = 0;
			defaultConfigurationName = Release;
		};
/* End XCConfigurationList section */

/* Begin XCVersionGroup section */
		944591741D7FEAA700CE9038 /* RxDobbyExample.xcdatamodeld */ = {
			isa = XCVersionGroup;
			children = (
				944591751D7FEAA700CE9038 /* RxDobbyExample.xcdatamodel */,
			);
			currentVersion = 944591751D7FEAA700CE9038 /* RxDobbyExample.xcdatamodel */;
			path = RxDobbyExample.xcdatamodeld;
			sourceTree = "<group>";
			versionGroupType = wrapper.xcdatamodel;
		};
/* End XCVersionGroup section */
	};
	rootObject = 94E4DAC61D7FE8630092440F /* Project object */;
}
